
Microsoft Visual Studio Solution File, Format Version 12.00
# Visual Studio Version 17
VisualStudioVersion = 17.0.31903.59
MinimumVisualStudioVersion = 10.0.40219.1
Project("{FAE04EC0-301F-11D3-BF4B-00C04F79EFBC}") = "Easy", "Easy\Easy.csproj", "{0B5F54F9-63A3-44B4-826F-A3984608858A}"
EndProject
Global
	GlobalSection(SolutionConfigurationPlatforms) = preSolution
		Debug|Any CPU = Debug|Any CPU
		Release|Any CPU = Release|Any CPU
	EndGlobalSection
	GlobalSection(SolutionProperties) = preSolution
		HideSolutionNode = FALSE
	EndGlobalSection
	GlobalSection(ProjectConfigurationPlatforms) = postSolution
		{75FFE313-BF3C-49E5-AD24-FDF265BC7657}.Debug|Any CPU.ActiveCfg = Debug|Any CPU
		{75FFE313-BF3C-49E5-AD24-FDF265BC7657}.Debug|Any CPU.Build.0 = Debug|Any CPU
		{75FFE313-BF3C-49E5-AD24-FDF265BC7657}.Release|Any CPU.ActiveCfg = Release|Any CPU
		{75FFE313-BF3C-49E5-AD24-FDF265BC7657}.Release|Any CPU.Build.0 = Release|Any CPU
		{0B5F54F9-63A3-44B4-826F-A3984608858A}.Debug|Any CPU.ActiveCfg = Debug|Any CPU
		{0B5F54F9-63A3-44B4-826F-A3984608858A}.Debug|Any CPU.Build.0 = Debug|Any CPU
		{0B5F54F9-63A3-44B4-826F-A3984608858A}.Release|Any CPU.ActiveCfg = Release|Any CPU
		{0B5F54F9-63A3-44B4-826F-A3984608858A}.Release|Any CPU.Build.0 = Release|Any CPU
	EndGlobalSection
EndGlobal
